
Microsoft Visual Studio Solution File, Format Version 12.00
# Visual Studio Version 17
VisualStudioVersion = 17.0.31903.59
MinimumVisualStudioVersion = 10.0.40219.1
Project("{FAE04EC0-301F-11D3-BF4B-00C04F79EFBC}") = "API", "API\API.csproj", "{CED93D7D-86A5-4EC2-8062-EE8B1FA16232}"
EndProject
Project("{FAE04EC0-301F-11D3-BF4B-00C04F79EFBC}") = "Core", "Core\Core.csproj", "{802AB428-B61C-4530-8259-7BA7B65CBA60}"
EndProject
Project("{FAE04EC0-301F-11D3-BF4B-00C04F79EFBC}") = "Infrastructure", "Infrastructure\Infrastructure.csproj", "{AFAEA84F-30AE-4BA7-BFE1-9235814B6EA3}"
EndProject
Global
	GlobalSection(SolutionConfigurationPlatforms) = preSolution
		Debug|Any CPU = Debug|Any CPU
		Release|Any CPU = Release|Any CPU
	EndGlobalSection
	GlobalSection(SolutionProperties) = preSolution
		HideSolutionNode = FALSE
	EndGlobalSection
	GlobalSection(ProjectConfigurationPlatforms) = postSolution
		{CED93D7D-86A5-4EC2-8062-EE8B1FA16232}.Debug|Any CPU.ActiveCfg = Debug|Any CPU
		{CED93D7D-86A5-4EC2-8062-EE8B1FA16232}.Debug|Any CPU.Build.0 = Debug|Any CPU
		{CED93D7D-86A5-4EC2-8062-EE8B1FA16232}.Release|Any CPU.ActiveCfg = Release|Any CPU
		{CED93D7D-86A5-4EC2-8062-EE8B1FA16232}.Release|Any CPU.Build.0 = Release|Any CPU
		{802AB428-B61C-4530-8259-7BA7B65CBA60}.Debug|Any CPU.ActiveCfg = Debug|Any CPU
		{802AB428-B61C-4530-8259-7BA7B65CBA60}.Debug|Any CPU.Build.0 = Debug|Any CPU
		{802AB428-B61C-4530-8259-7BA7B65CBA60}.Release|Any CPU.ActiveCfg = Release|Any CPU
		{802AB428-B61C-4530-8259-7BA7B65CBA60}.Release|Any CPU.Build.0 = Release|Any CPU
		{AFAEA84F-30AE-4BA7-BFE1-9235814B6EA3}.Debug|Any CPU.ActiveCfg = Debug|Any CPU
		{AFAEA84F-30AE-4BA7-BFE1-9235814B6EA3}.Debug|Any CPU.Build.0 = Debug|Any CPU
		{AFAEA84F-30AE-4BA7-BFE1-9235814B6EA3}.Release|Any CPU.ActiveCfg = Release|Any CPU
		{AFAEA84F-30AE-4BA7-BFE1-9235814B6EA3}.Release|Any CPU.Build.0 = Release|Any CPU
	EndGlobalSection
EndGlobal
